
Microsoft Visual Studio Solution File, Format Version 12.00
# Visual Studio 15
VisualStudioVersion = 15.0.27703.2042
MinimumVisualStudioVersion = 10.0.40219.1
Project("{FAE04EC0-301F-11D3-BF4B-00C04F79EFBC}") = "ClothingElaine", "ClothingElaine\ClothingElaine.csproj", "{61B20DAA-01BD-4D29-9B59-545A8F48998A}"
EndProject
Project("{FAE04EC0-301F-11D3-BF4B-00C04F79EFBC}") = "DAL", "DAL\DAL.csproj", "{077C389C-8788-45D1-9D3D-E0E43210B6C5}"
EndProject
Project("{FAE04EC0-301F-11D3-BF4B-00C04F79EFBC}") = "Utility Logger", "Utility Logger\Utility Logger.csproj", "{37CFCD01-CD6E-44A4-8EAD-E3671869AE7C}"
EndProject
Global
	GlobalSection(SolutionConfigurationPlatforms) = preSolution
		Debug|Any CPU = Debug|Any CPU
		Release|Any CPU = Release|Any CPU
	EndGlobalSection
	GlobalSection(ProjectConfigurationPlatforms) = postSolution
		{61B20DAA-01BD-4D29-9B59-545A8F48998A}.Debug|Any CPU.ActiveCfg = Debug|Any CPU
		{61B20DAA-01BD-4D29-9B59-545A8F48998A}.Debug|Any CPU.Build.0 = Debug|Any CPU
		{61B20DAA-01BD-4D29-9B59-545A8F48998A}.Release|Any CPU.ActiveCfg = Release|Any CPU
		{61B20DAA-01BD-4D29-9B59-545A8F48998A}.Release|Any CPU.Build.0 = Release|Any CPU
		{077C389C-8788-45D1-9D3D-E0E43210B6C5}.Debug|Any CPU.ActiveCfg = Debug|Any CPU
		{077C389C-8788-45D1-9D3D-E0E43210B6C5}.Debug|Any CPU.Build.0 = Debug|Any CPU
		{077C389C-8788-45D1-9D3D-E0E43210B6C5}.Release|Any CPU.ActiveCfg = Release|Any CPU
		{077C389C-8788-45D1-9D3D-E0E43210B6C5}.Release|Any CPU.Build.0 = Release|Any CPU
		{37CFCD01-CD6E-44A4-8EAD-E3671869AE7C}.Debug|Any CPU.ActiveCfg = Debug|Any CPU
		{37CFCD01-CD6E-44A4-8EAD-E3671869AE7C}.Debug|Any CPU.Build.0 = Debug|Any CPU
		{37CFCD01-CD6E-44A4-8EAD-E3671869AE7C}.Release|Any CPU.ActiveCfg = Release|Any CPU
		{37CFCD01-CD6E-44A4-8EAD-E3671869AE7C}.Release|Any CPU.Build.0 = Release|Any CPU
	EndGlobalSection
	GlobalSection(SolutionProperties) = preSolution
		HideSolutionNode = FALSE
	EndGlobalSection
	GlobalSection(ExtensibilityGlobals) = postSolution
		SolutionGuid = {3C484D78-B210-4E8D-8526-49E5739117F0}
	EndGlobalSection
EndGlobal
